
Microsoft Visual Studio Solution File, Format Version 12.00
# Visual Studio Version 17
VisualStudioVersion = 17.11.35208.52
MinimumVisualStudioVersion = 10.0.40219.1
Project("{FAE04EC0-301F-11D3-BF4B-00C04F79EFBC}") = "PathFinds_Carreer_Guidance", "PathFinds_Carreer_Guidance\PathFinds_Carreer_Guidance.csproj", "{0F35896F-FB4C-43FE-8565-7BFB9AC1A46A}"
EndProject
Global
	GlobalSection(SolutionConfigurationPlatforms) = preSolution
		Debug|Any CPU = Debug|Any CPU
		Release|Any CPU = Release|Any CPU
	EndGlobalSection
	GlobalSection(ProjectConfigurationPlatforms) = postSolution
		{0F35896F-FB4C-43FE-8565-7BFB9AC1A46A}.Debug|Any CPU.ActiveCfg = Debug|Any CPU
		{0F35896F-FB4C-43FE-8565-7BFB9AC1A46A}.Debug|Any CPU.Build.0 = Debug|Any CPU
		{0F35896F-FB4C-43FE-8565-7BFB9AC1A46A}.Release|Any CPU.ActiveCfg = Release|Any CPU
		{0F35896F-FB4C-43FE-8565-7BFB9AC1A46A}.Release|Any CPU.Build.0 = Release|Any CPU
	EndGlobalSection
	GlobalSection(SolutionProperties) = preSolution
		HideSolutionNode = FALSE
	EndGlobalSection
	GlobalSection(ExtensibilityGlobals) = postSolution
		SolutionGuid = {CFBDEF8C-CC1B-4A0B-B9DC-E2C34F8C9316}
	EndGlobalSection
EndGlobal
